
Microsoft Visual Studio Solution File, Format Version 12.00
# Visual Studio 2012
Project("{FAE04EC0-301F-11D3-BF4B-00C04F79EFBC}") = "WpfApplication25", "WpfApplication25\WpfApplication25.csproj", "{FA536E16-D861-4A2F-94A5-EC12E5CD5E64}"
EndProject
Global
	GlobalSection(SolutionConfigurationPlatforms) = preSolution
		Debug|Any CPU = Debug|Any CPU
		Release|Any CPU = Release|Any CPU
	EndGlobalSection
	GlobalSection(ProjectConfigurationPlatforms) = postSolution
		{FA536E16-D861-4A2F-94A5-EC12E5CD5E64}.Debug|Any CPU.ActiveCfg = Debug|Any CPU
		{FA536E16-D861-4A2F-94A5-EC12E5CD5E64}.Debug|Any CPU.Build.0 = Debug|Any CPU
		{FA536E16-D861-4A2F-94A5-EC12E5CD5E64}.Release|Any CPU.ActiveCfg = Release|Any CPU
		{FA536E16-D861-4A2F-94A5-EC12E5CD5E64}.Release|Any CPU.Build.0 = Release|Any CPU
	EndGlobalSection
	GlobalSection(SolutionProperties) = preSolution
		HideSolutionNode = FALSE
	EndGlobalSection
EndGlobal
