
Microsoft Visual Studio Solution File, Format Version 12.00
# Visual Studio 2012
Project("{888888A0-9F3D-457C-B088-3A5042F75D52}") = "MyProject", "IronPythonApplication1\MyProject.pyproj", "{F998DE1B-C60A-462C-B3B2-256A3AF895F6}"
EndProject
Global
	GlobalSection(SolutionConfigurationPlatforms) = preSolution
		Debug|Any CPU = Debug|Any CPU
		Release|Any CPU = Release|Any CPU
	EndGlobalSection
	GlobalSection(ProjectConfigurationPlatforms) = postSolution
		{F998DE1B-C60A-462C-B3B2-256A3AF895F6}.Debug|Any CPU.ActiveCfg = Debug|Any CPU
		{F998DE1B-C60A-462C-B3B2-256A3AF895F6}.Release|Any CPU.ActiveCfg = Release|Any CPU
	EndGlobalSection
	GlobalSection(SolutionProperties) = preSolution
		HideSolutionNode = FALSE
	EndGlobalSection
EndGlobal
