
Microsoft Visual Studio Solution File, Format Version 12.00
# Visual Studio 2012
Project("{888888A0-9F3D-457C-B088-3A5042F75D52}") = "WpfApplication5", "WpfApplication5\WpfApplication5.pyproj", "{D049D4CE-174F-44B4-B0B1-8C9A3F03B767}"
EndProject
Global
	GlobalSection(SolutionConfigurationPlatforms) = preSolution
		Debug|Any CPU = Debug|Any CPU
		Release|Any CPU = Release|Any CPU
	EndGlobalSection
	GlobalSection(ProjectConfigurationPlatforms) = postSolution
		{D049D4CE-174F-44B4-B0B1-8C9A3F03B767}.Debug|Any CPU.ActiveCfg = Debug|Any CPU
		{D049D4CE-174F-44B4-B0B1-8C9A3F03B767}.Release|Any CPU.ActiveCfg = Release|Any CPU
	EndGlobalSection
	GlobalSection(SolutionProperties) = preSolution
		HideSolutionNode = FALSE
	EndGlobalSection
EndGlobal
