
Microsoft Visual Studio Solution File, Format Version 12.00
# Visual Studio 2012
Project("{FAE04EC0-301F-11D3-BF4B-00C04F79EFBC}") = "WpfCustomControlLibrary2", "WpfCustomControlLibrary2\WpfCustomControlLibrary2.csproj", "{962785A6-5D8E-4023-8172-B9E96440F3A4}"
EndProject
Global
	GlobalSection(SolutionConfigurationPlatforms) = preSolution
		Debug|Any CPU = Debug|Any CPU
		Release|Any CPU = Release|Any CPU
	EndGlobalSection
	GlobalSection(ProjectConfigurationPlatforms) = postSolution
		{962785A6-5D8E-4023-8172-B9E96440F3A4}.Debug|Any CPU.ActiveCfg = Debug|Any CPU
		{962785A6-5D8E-4023-8172-B9E96440F3A4}.Debug|Any CPU.Build.0 = Debug|Any CPU
		{962785A6-5D8E-4023-8172-B9E96440F3A4}.Release|Any CPU.ActiveCfg = Release|Any CPU
		{962785A6-5D8E-4023-8172-B9E96440F3A4}.Release|Any CPU.Build.0 = Release|Any CPU
	EndGlobalSection
	GlobalSection(SolutionProperties) = preSolution
		HideSolutionNode = FALSE
	EndGlobalSection
EndGlobal
