
Microsoft Visual Studio Solution File, Format Version 12.00
# Visual Studio 2012
Project("{FAE04EC0-301F-11D3-BF4B-00C04F79EFBC}") = "CustomControlsLibrary", "CustomControlsLibrary\CustomControlsLibrary.csproj", "{D517E5B8-ABA3-4A45-B68E-228F2017FA15}"
EndProject
Global
	GlobalSection(SolutionConfigurationPlatforms) = preSolution
		Debug|Any CPU = Debug|Any CPU
		Release|Any CPU = Release|Any CPU
	EndGlobalSection
	GlobalSection(ProjectConfigurationPlatforms) = postSolution
		{D517E5B8-ABA3-4A45-B68E-228F2017FA15}.Debug|Any CPU.ActiveCfg = Debug|Any CPU
		{D517E5B8-ABA3-4A45-B68E-228F2017FA15}.Debug|Any CPU.Build.0 = Debug|Any CPU
		{D517E5B8-ABA3-4A45-B68E-228F2017FA15}.Release|Any CPU.ActiveCfg = Release|Any CPU
		{D517E5B8-ABA3-4A45-B68E-228F2017FA15}.Release|Any CPU.Build.0 = Release|Any CPU
	EndGlobalSection
	GlobalSection(SolutionProperties) = preSolution
		HideSolutionNode = FALSE
	EndGlobalSection
EndGlobal
