
Microsoft Visual Studio Solution File, Format Version 12.00
# Visual Studio 2012
Project("{FAE04EC0-301F-11D3-BF4B-00C04F79EFBC}") = "WpfApplication20", "WpfApplication20\WpfApplication20.csproj", "{C88D7CD9-DC81-4AE9-A1A7-682DA686AEB4}"
EndProject
Global
	GlobalSection(SolutionConfigurationPlatforms) = preSolution
		Debug|Any CPU = Debug|Any CPU
		Release|Any CPU = Release|Any CPU
	EndGlobalSection
	GlobalSection(ProjectConfigurationPlatforms) = postSolution
		{C88D7CD9-DC81-4AE9-A1A7-682DA686AEB4}.Debug|Any CPU.ActiveCfg = Debug|Any CPU
		{C88D7CD9-DC81-4AE9-A1A7-682DA686AEB4}.Debug|Any CPU.Build.0 = Debug|Any CPU
		{C88D7CD9-DC81-4AE9-A1A7-682DA686AEB4}.Release|Any CPU.ActiveCfg = Release|Any CPU
		{C88D7CD9-DC81-4AE9-A1A7-682DA686AEB4}.Release|Any CPU.Build.0 = Release|Any CPU
	EndGlobalSection
	GlobalSection(SolutionProperties) = preSolution
		HideSolutionNode = FALSE
	EndGlobalSection
EndGlobal
