
Microsoft Visual Studio Solution File, Format Version 12.00
# Visual Studio 2012
Project("{888888A0-9F3D-457C-B088-3A5042F75D52}") = "IronPythonApplication3", "IronPythonApplication3\IronPythonApplication3.pyproj", "{0FDDC842-4452-4E0E-BF4B-A0F68EE5B9F4}"
EndProject
Global
	GlobalSection(SolutionConfigurationPlatforms) = preSolution
		Debug|Any CPU = Debug|Any CPU
		Release|Any CPU = Release|Any CPU
	EndGlobalSection
	GlobalSection(ProjectConfigurationPlatforms) = postSolution
		{0FDDC842-4452-4E0E-BF4B-A0F68EE5B9F4}.Debug|Any CPU.ActiveCfg = Debug|Any CPU
		{0FDDC842-4452-4E0E-BF4B-A0F68EE5B9F4}.Release|Any CPU.ActiveCfg = Release|Any CPU
	EndGlobalSection
	GlobalSection(SolutionProperties) = preSolution
		HideSolutionNode = FALSE
	EndGlobalSection
EndGlobal
