
Microsoft Visual Studio Solution File, Format Version 12.00
# Visual Studio 2012
Project("{888888A0-9F3D-457C-B088-3A5042F75D52}") = "WpfApplication13", "WpfApplication13\WpfApplication13.pyproj", "{78F823EB-5F9F-490E-BE70-3E1C6880536C}"
EndProject
Global
	GlobalSection(SolutionConfigurationPlatforms) = preSolution
		Debug|Any CPU = Debug|Any CPU
		Release|Any CPU = Release|Any CPU
	EndGlobalSection
	GlobalSection(ProjectConfigurationPlatforms) = postSolution
		{78F823EB-5F9F-490E-BE70-3E1C6880536C}.Debug|Any CPU.ActiveCfg = Debug|Any CPU
		{78F823EB-5F9F-490E-BE70-3E1C6880536C}.Release|Any CPU.ActiveCfg = Release|Any CPU
	EndGlobalSection
	GlobalSection(SolutionProperties) = preSolution
		HideSolutionNode = FALSE
	EndGlobalSection
EndGlobal
