
Microsoft Visual Studio Solution File, Format Version 12.00
# Visual Studio 2012
Project("{FAE04EC0-301F-11D3-BF4B-00C04F79EFBC}") = "resource_tutorial", "resource_tutorial\resource_tutorial.csproj", "{A1004852-2B45-4D4D-922C-CD48C62D1A49}"
EndProject
Global
	GlobalSection(SolutionConfigurationPlatforms) = preSolution
		Debug|Any CPU = Debug|Any CPU
		Release|Any CPU = Release|Any CPU
	EndGlobalSection
	GlobalSection(ProjectConfigurationPlatforms) = postSolution
		{A1004852-2B45-4D4D-922C-CD48C62D1A49}.Debug|Any CPU.ActiveCfg = Debug|Any CPU
		{A1004852-2B45-4D4D-922C-CD48C62D1A49}.Debug|Any CPU.Build.0 = Debug|Any CPU
		{A1004852-2B45-4D4D-922C-CD48C62D1A49}.Release|Any CPU.ActiveCfg = Release|Any CPU
		{A1004852-2B45-4D4D-922C-CD48C62D1A49}.Release|Any CPU.Build.0 = Release|Any CPU
	EndGlobalSection
	GlobalSection(SolutionProperties) = preSolution
		HideSolutionNode = FALSE
	EndGlobalSection
EndGlobal
