
Microsoft Visual Studio Solution File, Format Version 12.00
# Visual Studio 2012
Project("{FAE04EC0-301F-11D3-BF4B-00C04F79EFBC}") = "WpfApplication24", "WpfApplication24\WpfApplication24.csproj", "{93898433-0209-49E2-AB07-49C48070E168}"
EndProject
Global
	GlobalSection(SolutionConfigurationPlatforms) = preSolution
		Debug|Any CPU = Debug|Any CPU
		Release|Any CPU = Release|Any CPU
	EndGlobalSection
	GlobalSection(ProjectConfigurationPlatforms) = postSolution
		{93898433-0209-49E2-AB07-49C48070E168}.Debug|Any CPU.ActiveCfg = Debug|Any CPU
		{93898433-0209-49E2-AB07-49C48070E168}.Debug|Any CPU.Build.0 = Debug|Any CPU
		{93898433-0209-49E2-AB07-49C48070E168}.Release|Any CPU.ActiveCfg = Release|Any CPU
		{93898433-0209-49E2-AB07-49C48070E168}.Release|Any CPU.Build.0 = Release|Any CPU
	EndGlobalSection
	GlobalSection(SolutionProperties) = preSolution
		HideSolutionNode = FALSE
	EndGlobalSection
EndGlobal
