
Microsoft Visual Studio Solution File, Format Version 12.00
# Visual Studio 2012
Project("{FAE04EC0-301F-11D3-BF4B-00C04F79EFBC}") = "Message", "WpfApplication6\Message.csproj", "{BC29F9BC-9AD8-422C-BA36-DAF73C88CE3E}"
EndProject
Global
	GlobalSection(SolutionConfigurationPlatforms) = preSolution
		Debug|Any CPU = Debug|Any CPU
		Release|Any CPU = Release|Any CPU
	EndGlobalSection
	GlobalSection(ProjectConfigurationPlatforms) = postSolution
		{BC29F9BC-9AD8-422C-BA36-DAF73C88CE3E}.Debug|Any CPU.ActiveCfg = Debug|Any CPU
		{BC29F9BC-9AD8-422C-BA36-DAF73C88CE3E}.Debug|Any CPU.Build.0 = Debug|Any CPU
		{BC29F9BC-9AD8-422C-BA36-DAF73C88CE3E}.Release|Any CPU.ActiveCfg = Release|Any CPU
		{BC29F9BC-9AD8-422C-BA36-DAF73C88CE3E}.Release|Any CPU.Build.0 = Release|Any CPU
	EndGlobalSection
	GlobalSection(SolutionProperties) = preSolution
		HideSolutionNode = FALSE
	EndGlobalSection
EndGlobal
