
Microsoft Visual Studio Solution File, Format Version 12.00
# Visual Studio 2012
Project("{888888A0-9F3D-457C-B088-3A5042F75D52}") = "WpfApplication6", "WpfApplication6\WpfApplication6.pyproj", "{8C95ADE1-812F-4A57-B77A-88E9497BAF6B}"
EndProject
Global
	GlobalSection(SolutionConfigurationPlatforms) = preSolution
		Debug|Any CPU = Debug|Any CPU
		Release|Any CPU = Release|Any CPU
	EndGlobalSection
	GlobalSection(ProjectConfigurationPlatforms) = postSolution
		{8C95ADE1-812F-4A57-B77A-88E9497BAF6B}.Debug|Any CPU.ActiveCfg = Debug|Any CPU
		{8C95ADE1-812F-4A57-B77A-88E9497BAF6B}.Release|Any CPU.ActiveCfg = Release|Any CPU
	EndGlobalSection
	GlobalSection(SolutionProperties) = preSolution
		HideSolutionNode = FALSE
	EndGlobalSection
EndGlobal
